
Microsoft Visual Studio Solution File, Format Version 12.00
# Visual Studio Version 17
VisualStudioVersion = 17.7.34024.191
MinimumVisualStudioVersion = 10.0.40219.1
Project("{FAE04EC0-301F-11D3-BF4B-00C04F79EFBC}") = "Lab3", "Lab3\Lab3.csproj", "{957A3812-8C8D-43B3-AA1E-8958C6B3030B}"
EndProject
Global
	GlobalSection(SolutionConfigurationPlatforms) = preSolution
		Debug|Any CPU = Debug|Any CPU
		Release|Any CPU = Release|Any CPU
	EndGlobalSection
	GlobalSection(ProjectConfigurationPlatforms) = postSolution
		{957A3812-8C8D-43B3-AA1E-8958C6B3030B}.Debug|Any CPU.ActiveCfg = Debug|Any CPU
		{957A3812-8C8D-43B3-AA1E-8958C6B3030B}.Debug|Any CPU.Build.0 = Debug|Any CPU
		{957A3812-8C8D-43B3-AA1E-8958C6B3030B}.Release|Any CPU.ActiveCfg = Release|Any CPU
		{957A3812-8C8D-43B3-AA1E-8958C6B3030B}.Release|Any CPU.Build.0 = Release|Any CPU
	EndGlobalSection
	GlobalSection(SolutionProperties) = preSolution
		HideSolutionNode = FALSE
	EndGlobalSection
	GlobalSection(ExtensibilityGlobals) = postSolution
		SolutionGuid = {3F4C9EFE-51BD-4712-93FC-ACAA251EBFCE}
	EndGlobalSection
EndGlobal
